
Microsoft Visual Studio Solution File, Format Version 12.00
# Visual Studio Version 17
VisualStudioVersion = 17.14.36414.22
MinimumVisualStudioVersion = 10.0.40219.1
Project("{FAE04EC0-301F-11D3-BF4B-00C04F79EFBC}") = "ST10085639_PROG6212_CMCS", "ST10085639_PROG6212_CMCS\ST10085639_PROG6212_CMCS.csproj", "{AB273D04-B932-4686-84C6-6411B5E82E6C}"
EndProject
Project("{FAE04EC0-301F-11D3-BF4B-00C04F79EFBC}") = "ST10085639_PROG6212_CMCS.Tests", "ST10085639_PROG6212_CMCS.Tests\ST10085639_PROG6212_CMCS.Tests.csproj", "{4B835A8D-8C2C-4EDF-9A65-902FA2D837D9}"
EndProject
Project("{2150E333-8FDC-42A3-9474-1A3956D46DE8}") = "Solution Items", "Solution Items", "{02EA681E-C7D8-13C7-8484-4AC65E1B71E8}"
	ProjectSection(SolutionItems) = preProject
		.editorconfig = .editorconfig
	EndProjectSection
EndProject
Global
	GlobalSection(SolutionConfigurationPlatforms) = preSolution
		Debug|Any CPU = Debug|Any CPU
		Release|Any CPU = Release|Any CPU
	EndGlobalSection
	GlobalSection(ProjectConfigurationPlatforms) = postSolution
		{AB273D04-B932-4686-84C6-6411B5E82E6C}.Debug|Any CPU.ActiveCfg = Debug|Any CPU
		{AB273D04-B932-4686-84C6-6411B5E82E6C}.Debug|Any CPU.Build.0 = Debug|Any CPU
		{AB273D04-B932-4686-84C6-6411B5E82E6C}.Release|Any CPU.ActiveCfg = Release|Any CPU
		{AB273D04-B932-4686-84C6-6411B5E82E6C}.Release|Any CPU.Build.0 = Release|Any CPU
		{4B835A8D-8C2C-4EDF-9A65-902FA2D837D9}.Debug|Any CPU.ActiveCfg = Debug|Any CPU
		{4B835A8D-8C2C-4EDF-9A65-902FA2D837D9}.Debug|Any CPU.Build.0 = Debug|Any CPU
		{4B835A8D-8C2C-4EDF-9A65-902FA2D837D9}.Release|Any CPU.ActiveCfg = Release|Any CPU
		{4B835A8D-8C2C-4EDF-9A65-902FA2D837D9}.Release|Any CPU.Build.0 = Release|Any CPU
	EndGlobalSection
	GlobalSection(SolutionProperties) = preSolution
		HideSolutionNode = FALSE
	EndGlobalSection
	GlobalSection(ExtensibilityGlobals) = postSolution
		SolutionGuid = {120841D1-A5F2-49C2-B8EA-731BA2094B9E}
	EndGlobalSection
EndGlobal
